// !$*UTF8*$!
{
	archiveVersion = 1;
	classes = {
	};
	objectVersion = 55;
	objects = {

/* Begin PBXBuildFile section */
		4604115D2C077A3C00E807A4 /* AppDelegate.swift in Sources */ = {isa = PBXBuildFile; fileRef = 4604115C2C077A3C00E807A4 /* AppDelegate.swift */; };
		4604115F2C077A3C00E807A4 /* SceneDelegate.swift in Sources */ = {isa = PBXBuildFile; fileRef = 4604115E2C077A3C00E807A4 /* SceneDelegate.swift */; };
		460411612C077A3C00E807A4 /* iniciarSesionViewController.swift in Sources */ = {isa = PBXBuildFile; fileRef = 460411602C077A3C00E807A4 /* iniciarSesionViewController.swift */; };
		460411642C077A3C00E807A4 /* Main.storyboard in Resources */ = {isa = PBXBuildFile; fileRef = 460411622C077A3C00E807A4 /* Main.storyboard */; };
		460411662C077A3D00E807A4 /* Assets.xcassets in Resources */ = {isa = PBXBuildFile; fileRef = 460411652C077A3D00E807A4 /* Assets.xcassets */; };
		460411692C077A3D00E807A4 /* LaunchScreen.storyboard in Resources */ = {isa = PBXBuildFile; fileRef = 460411672C077A3D00E807A4 /* LaunchScreen.storyboard */; };
		460411712C077B7800E807A4 /* GoogleService-Info.plist in Resources */ = {isa = PBXBuildFile; fileRef = 460411702C077B7800E807A4 /* GoogleService-Info.plist */; };
		460411742C0785AC00E807A4 /* FirebaseAnalytics in Frameworks */ = {isa = PBXBuildFile; productRef = 460411732C0785AC00E807A4 /* FirebaseAnalytics */; };
		460411762C0785AC00E807A4 /* FirebaseAnalyticsWithoutAdIdSupport in Frameworks */ = {isa = PBXBuildFile; productRef = 460411752C0785AC00E807A4 /* FirebaseAnalyticsWithoutAdIdSupport */; };
		460411782C0785AC00E807A4 /* FirebaseAuth in Frameworks */ = {isa = PBXBuildFile; productRef = 460411772C0785AC00E807A4 /* FirebaseAuth */; };
		4604117A2C0785AC00E807A4 /* FirebaseDatabase in Frameworks */ = {isa = PBXBuildFile; productRef = 460411792C0785AC00E807A4 /* FirebaseDatabase */; };
		4604117C2C0785AC00E807A4 /* FirebaseStorage in Frameworks */ = {isa = PBXBuildFile; productRef = 4604117B2C0785AC00E807A4 /* FirebaseStorage */; };
/* End PBXBuildFile section */

/* Begin PBXFileReference section */
		460411592C077A3C00E807A4 /* MCDSnapchat.app */ = {isa = PBXFileReference; explicitFileType = wrapper.application; includeInIndex = 0; path = MCDSnapchat.app; sourceTree = BUILT_PRODUCTS_DIR; };
		4604115C2C077A3C00E807A4 /* AppDelegate.swift */ = {isa = PBXFileReference; lastKnownFileType = sourcecode.swift; path = AppDelegate.swift; sourceTree = "<group>"; };
		4604115E2C077A3C00E807A4 /* SceneDelegate.swift */ = {isa = PBXFileReference; lastKnownFileType = sourcecode.swift; path = SceneDelegate.swift; sourceTree = "<group>"; };
		460411602C077A3C00E807A4 /* iniciarSesionViewController.swift */ = {isa = PBXFileReference; lastKnownFileType = sourcecode.swift; path = iniciarSesionViewController.swift; sourceTree = "<group>"; };
		460411632C077A3C00E807A4 /* Base */ = {isa = PBXFileReference; lastKnownFileType = file.storyboard; name = Base; path = Base.lproj/Main.storyboard; sourceTree = "<group>"; };
		460411652C077A3D00E807A4 /* Assets.xcassets */ = {isa = PBXFileReference; lastKnownFileType = folder.assetcatalog; path = Assets.xcassets; sourceTree = "<group>"; };
		460411682C077A3D00E807A4 /* Base */ = {isa = PBXFileReference; lastKnownFileType = file.storyboard; name = Base; path = Base.lproj/LaunchScreen.storyboard; sourceTree = "<group>"; };
		4604116A2C077A3D00E807A4 /* Info.plist */ = {isa = PBXFileReference; lastKnownFileType = text.plist.xml; path = Info.plist; sourceTree = "<group>"; };
		460411702C077B7800E807A4 /* GoogleService-Info.plist */ = {isa = PBXFileReference; fileEncoding = 4; lastKnownFileType = text.plist.xml; path = "GoogleService-Info.plist"; sourceTree = "<group>"; };
/* End PBXFileReference section */

/* Begin PBXFrameworksBuildPhase section */
		460411562C077A3C00E807A4 /* Frameworks */ = {
			isa = PBXFrameworksBuildPhase;
			buildActionMask = 2147483647;
			files = (
				460411742C0785AC00E807A4 /* FirebaseAnalytics in Frameworks */,
				460411782C0785AC00E807A4 /* FirebaseAuth in Frameworks */,
				4604117A2C0785AC00E807A4 /* FirebaseDatabase in Frameworks */,
				4604117C2C0785AC00E807A4 /* FirebaseStorage in Frameworks */,
				460411762C0785AC00E807A4 /* FirebaseAnalyticsWithoutAdIdSupport in Frameworks */,
			);
			runOnlyForDeploymentPostprocessing = 0;
		};
/* End PBXFrameworksBuildPhase section */

/* Begin PBXGroup section */
		460411502C077A3C00E807A4 = {
			isa = PBXGroup;
			children = (
				4604115B2C077A3C00E807A4 /* MCDSnapchat */,
				4604115A2C077A3C00E807A4 /* Products */,
			);
			sourceTree = "<group>";
		};
		4604115A2C077A3C00E807A4 /* Products */ = {
			isa = PBXGroup;
			children = (
				460411592C077A3C00E807A4 /* MCDSnapchat.app */,
			);
			name = Products;
			sourceTree = "<group>";
		};
		4604115B2C077A3C00E807A4 /* MCDSnapchat */ = {
			isa = PBXGroup;
			children = (
				460411702C077B7800E807A4 /* GoogleService-Info.plist */,
				4604115C2C077A3C00E807A4 /* AppDelegate.swift */,
				4604115E2C077A3C00E807A4 /* SceneDelegate.swift */,
				460411602C077A3C00E807A4 /* iniciarSesionViewController.swift */,
				460411622C077A3C00E807A4 /* Main.storyboard */,
				460411652C077A3D00E807A4 /* Assets.xcassets */,
				460411672C077A3D00E807A4 /* LaunchScreen.storyboard */,
				4604116A2C077A3D00E807A4 /* Info.plist */,
			);
			path = MCDSnapchat;
			sourceTree = "<group>";
		};
/* End PBXGroup section */

/* Begin PBXNativeTarget section */
		460411582C077A3C00E807A4 /* MCDSnapchat */ = {
			isa = PBXNativeTarget;
			buildConfigurationList = 4604116D2C077A3D00E807A4 /* Build configuration list for PBXNativeTarget "MCDSnapchat" */;
			buildPhases = (
				460411552C077A3C00E807A4 /* Sources */,
				460411562C077A3C00E807A4 /* Frameworks */,
				460411572C077A3C00E807A4 /* Resources */,
			);
			buildRules = (
			);
			dependencies = (
			);
			name = MCDSnapchat;
			packageProductDependencies = (
				460411732C0785AC00E807A4 /* FirebaseAnalytics */,
				460411752C0785AC00E807A4 /* FirebaseAnalyticsWithoutAdIdSupport */,
				460411772C0785AC00E807A4 /* FirebaseAuth */,
				460411792C0785AC00E807A4 /* FirebaseDatabase */,
				4604117B2C0785AC00E807A4 /* FirebaseStorage */,
			);
			productName = MCDSnapchat;
			productReference = 460411592C077A3C00E807A4 /* MCDSnapchat.app */;
			productType = "com.apple.product-type.application";
		};
/* End PBXNativeTarget section */

/* Begin PBXProject section */
		460411512C077A3C00E807A4 /* Project object */ = {
			isa = PBXProject;
			attributes = {
				BuildIndependentTargetsInParallel = 1;
				LastSwiftUpdateCheck = 1340;
				LastUpgradeCheck = 1340;
				TargetAttributes = {
					460411582C077A3C00E807A4 = {
						CreatedOnToolsVersion = 13.4.1;
					};
				};
			};
			buildConfigurationList = 460411542C077A3C00E807A4 /* Build configuration list for PBXProject "MCDSnapchat" */;
			compatibilityVersion = "Xcode 13.0";
			developmentRegion = en;
			hasScannedForEncodings = 0;
			knownRegions = (
				en,
				Base,
			);
			mainGroup = 460411502C077A3C00E807A4;
			packageReferences = (
				460411722C0785AC00E807A4 /* XCRemoteSwiftPackageReference "firebase-ios-sdk" */,
			);
			productRefGroup = 4604115A2C077A3C00E807A4 /* Products */;
			projectDirPath = "";
			projectRoot = "";
			targets = (
				460411582C077A3C00E807A4 /* MCDSnapchat */,
			);
		};
/* End PBXProject section */

/* Begin PBXResourcesBuildPhase section */
		460411572C077A3C00E807A4 /* Resources */ = {
			isa = PBXResourcesBuildPhase;
			buildActionMask = 2147483647;
			files = (
				460411692C077A3D00E807A4 /* LaunchScreen.storyboard in Resources */,
				460411712C077B7800E807A4 /* GoogleService-Info.plist in Resources */,
				460411662C077A3D00E807A4 /* Assets.xcassets in Resources */,
				460411642C077A3C00E807A4 /* Main.storyboard in Resources */,
			);
			runOnlyForDeploymentPostprocessing = 0;
		};
/* End PBXResourcesBuildPhase section */

/* Begin PBXSourcesBuildPhase section */
		460411552C077A3C00E807A4 /* Sources */ = {
			isa = PBXSourcesBuildPhase;
			buildActionMask = 2147483647;
			files = (
				460411612C077A3C00E807A4 /* iniciarSesionViewController.swift in Sources */,
				4604115D2C077A3C00E807A4 /* AppDelegate.swift in Sources */,
				4604115F2C077A3C00E807A4 /* SceneDelegate.swift in Sources */,
			);
			runOnlyForDeploymentPostprocessing = 0;
		};
/* End PBXSourcesBuildPhase section */

/* Begin PBXVariantGroup section */
		460411622C077A3C00E807A4 /* Main.storyboard */ = {
			isa = PBXVariantGroup;
			children = (
				460411632C077A3C00E807A4 /* Base */,
			);
			name = Main.storyboard;
			sourceTree = "<group>";
		};
		460411672C077A3D00E807A4 /* LaunchScreen.storyboard */ = {
			isa = PBXVariantGroup;
			children = (
				460411682C077A3D00E807A4 /* Base */,
			);
			name = LaunchScreen.storyboard;
			sourceTree = "<group>";
		};
/* End PBXVariantGroup section */

/* Begin XCBuildConfiguration section */
		4604116B2C077A3D00E807A4 /* Debug */ = {
			isa = XCBuildConfiguration;
			buildSettings = {
				ALWAYS_SEARCH_USER_PATHS = NO;
				CLANG_ANALYZER_NONNULL = YES;
				CLANG_ANALYZER_NUMBER_OBJECT_CONVERSION = YES_AGGRESSIVE;
				CLANG_CXX_LANGUAGE_STANDARD = "gnu++17";
				CLANG_ENABLE_MODULES = YES;
				CLANG_ENABLE_OBJC_ARC = YES;
				CLANG_ENABLE_OBJC_WEAK = YES;
				CLANG_WARN_BLOCK_CAPTURE_AUTORELEASING = YES;
				CLANG_WARN_BOOL_CONVERSION = YES;
				CLANG_WARN_COMMA = YES;
				CLANG_WARN_CONSTANT_CONVERSION = YES;
				CLANG_WARN_DEPRECATED_OBJC_IMPLEMENTATIONS = YES;
				CLANG_WARN_DIRECT_OBJC_ISA_USAGE = YES_ERROR;
				CLANG_WARN_DOCUMENTATION_COMMENTS = YES;
				CLANG_WARN_EMPTY_BODY = YES;
				CLANG_WARN_ENUM_CONVERSION = YES;
				CLANG_WARN_INFINITE_RECURSION = YES;
				CLANG_WARN_INT_CONVERSION = YES;
				CLANG_WARN_NON_LITERAL_NULL_CONVERSION = YES;
				CLANG_WARN_OBJC_IMPLICIT_RETAIN_SELF = YES;
				CLANG_WARN_OBJC_LITERAL_CONVERSION = YES;
				CLANG_WARN_OBJC_ROOT_CLASS = YES_ERROR;
				CLANG_WARN_QUOTED_INCLUDE_IN_FRAMEWORK_HEADER = YES;
				CLANG_WARN_RANGE_LOOP_ANALYSIS = YES;
				CLANG_WARN_STRICT_PROTOTYPES = YES;
				CLANG_WARN_SUSPICIOUS_MOVE = YES;
				CLANG_WARN_UNGUARDED_AVAILABILITY = YES_AGGRESSIVE;
				CLANG_WARN_UNREACHABLE_CODE = YES;
				CLANG_WARN__DUPLICATE_METHOD_MATCH = YES;
				COPY_PHASE_STRIP = NO;
				DEBUG_INFORMATION_FORMAT = dwarf;
				ENABLE_STRICT_OBJC_MSGSEND = YES;
				ENABLE_TESTABILITY = YES;
				GCC_C_LANGUAGE_STANDARD = gnu11;
				GCC_DYNAMIC_NO_PIC = NO;
				GCC_NO_COMMON_BLOCKS = YES;
				GCC_OPTIMIZATION_LEVEL = 0;
				GCC_PREPROCESSOR_DEFINITIONS = (
					"DEBUG=1",
					"$(inherited)",
				);
				GCC_WARN_64_TO_32_BIT_CONVERSION = YES;
				GCC_WARN_ABOUT_RETURN_TYPE = YES_ERROR;
				GCC_WARN_UNDECLARED_SELECTOR = YES;
				GCC_WARN_UNINITIALIZED_AUTOS = YES_AGGRESSIVE;
				GCC_WARN_UNUSED_FUNCTION = YES;
				GCC_WARN_UNUSED_VARIABLE = YES;
				IPHONEOS_DEPLOYMENT_TARGET = 15.5;
				MTL_ENABLE_DEBUG_INFO = INCLUDE_SOURCE;
				MTL_FAST_MATH = YES;
				ONLY_ACTIVE_ARCH = YES;
				SDKROOT = iphoneos;
				SWIFT_ACTIVE_COMPILATION_CONDITIONS = DEBUG;
				SWIFT_OPTIMIZATION_LEVEL = "-Onone";
			};
			name = Debug;
		};
		4604116C2C077A3D00E807A4 /* Release */ = {
			isa = XCBuildConfiguration;
			buildSettings = {
				ALWAYS_SEARCH_USER_PATHS = NO;
				CLANG_ANALYZER_NONNULL = YES;
				CLANG_ANALYZER_NUMBER_OBJECT_CONVERSION = YES_AGGRESSIVE;
				CLANG_CXX_LANGUAGE_STANDARD = "gnu++17";
				CLANG_ENABLE_MODULES = YES;
				CLANG_ENABLE_OBJC_ARC = YES;
				CLANG_ENABLE_OBJC_WEAK = YES;
				CLANG_WARN_BLOCK_CAPTURE_AUTORELEASING = YES;
				CLANG_WARN_BOOL_CONVERSION = YES;
				CLANG_WARN_COMMA = YES;
				CLANG_WARN_CONSTANT_CONVERSION = YES;
				CLANG_WARN_DEPRECATED_OBJC_IMPLEMENTATIONS = YES;
				CLANG_WARN_DIRECT_OBJC_ISA_USAGE = YES_ERROR;
				CLANG_WARN_DOCUMENTATION_COMMENTS = YES;
				CLANG_WARN_EMPTY_BODY = YES;
				CLANG_WARN_ENUM_CONVERSION = YES;
				CLANG_WARN_INFINITE_RECURSION = YES;
				CLANG_WARN_INT_CONVERSION = YES;
				CLANG_WARN_NON_LITERAL_NULL_CONVERSION = YES;
				CLANG_WARN_OBJC_IMPLICIT_RETAIN_SELF = YES;
				CLANG_WARN_OBJC_LITERAL_CONVERSION = YES;
				CLANG_WARN_OBJC_ROOT_CLASS = YES_ERROR;
				CLANG_WARN_QUOTED_INCLUDE_IN_FRAMEWORK_HEADER = YES;
				CLANG_WARN_RANGE_LOOP_ANALYSIS = YES;
				CLANG_WARN_STRICT_PROTOTYPES = YES;
				CLANG_WARN_SUSPICIOUS_MOVE = YES;
				CLANG_WARN_UNGUARDED_AVAILABILITY = YES_AGGRESSIVE;
				CLANG_WARN_UNREACHABLE_CODE = YES;
				CLANG_WARN__DUPLICATE_METHOD_MATCH = YES;
				COPY_PHASE_STRIP = NO;
				DEBUG_INFORMATION_FORMAT = "dwarf-with-dsym";
				ENABLE_NS_ASSERTIONS = NO;
				ENABLE_STRICT_OBJC_MSGSEND = YES;
				GCC_C_LANGUAGE_STANDARD = gnu11;
				GCC_NO_COMMON_BLOCKS = YES;
				GCC_WARN_64_TO_32_BIT_CONVERSION = YES;
				GCC_WARN_ABOUT_RETURN_TYPE = YES_ERROR;
				GCC_WARN_UNDECLARED_SELECTOR = YES;
				GCC_WARN_UNINITIALIZED_AUTOS = YES_AGGRESSIVE;
				GCC_WARN_UNUSED_FUNCTION = YES;
				GCC_WARN_UNUSED_VARIABLE = YES;
				IPHONEOS_DEPLOYMENT_TARGET = 15.5;
				MTL_ENABLE_DEBUG_INFO = NO;
				MTL_FAST_MATH = YES;
				SDKROOT = iphoneos;
				SWIFT_COMPILATION_MODE = wholemodule;
				SWIFT_OPTIMIZATION_LEVEL = "-O";
				VALIDATE_PRODUCT = YES;
			};
			name = Release;
		};
		4604116E2C077A3D00E807A4 /* Debug */ = {
			isa = XCBuildConfiguration;
			buildSettings = {
				ASSETCATALOG_COMPILER_APPICON_NAME = AppIcon;
				ASSETCATALOG_COMPILER_GLOBAL_ACCENT_COLOR_NAME = AccentColor;
				CODE_SIGN_STYLE = Automatic;
				CURRENT_PROJECT_VERSION = 1;
				GENERATE_INFOPLIST_FILE = YES;
				INFOPLIST_FILE = MCDSnapchat/Info.plist;
				INFOPLIST_KEY_UIApplicationSupportsIndirectInputEvents = YES;
				INFOPLIST_KEY_UILaunchStoryboardName = LaunchScreen;
				INFOPLIST_KEY_UIMainStoryboardFile = Main;
				INFOPLIST_KEY_UISupportedInterfaceOrientations_iPad = "UIInterfaceOrientationPortrait UIInterfaceOrientationPortraitUpsideDown UIInterfaceOrientationLandscapeLeft UIInterfaceOrientationLandscapeRight";
				INFOPLIST_KEY_UISupportedInterfaceOrientations_iPhone = "UIInterfaceOrientationPortrait UIInterfaceOrientationLandscapeLeft UIInterfaceOrientationLandscapeRight";
				LD_RUNPATH_SEARCH_PATHS = (
					"$(inherited)",
					"@executable_path/Frameworks",
				);
				MARKETING_VERSION = 1.0;
				PRODUCT_BUNDLE_IDENTIFIER = com.miempresa.MCDSnapchat;
				PRODUCT_NAME = "$(TARGET_NAME)";
				SWIFT_EMIT_LOC_STRINGS = YES;
				SWIFT_VERSION = 5.0;
				TARGETED_DEVICE_FAMILY = "1,2";
			};
			name = Debug;
		};
		4604116F2C077A3D00E807A4 /* Release */ = {
			isa = XCBuildConfiguration;
			buildSettings = {
				ASSETCATALOG_COMPILER_APPICON_NAME = AppIcon;
				ASSETCATALOG_COMPILER_GLOBAL_ACCENT_COLOR_NAME = AccentColor;
				CODE_SIGN_STYLE = Automatic;
				CURRENT_PROJECT_VERSION = 1;
				GENERATE_INFOPLIST_FILE = YES;
				INFOPLIST_FILE = MCDSnapchat/Info.plist;
				INFOPLIST_KEY_UIApplicationSupportsIndirectInputEvents = YES;
				INFOPLIST_KEY_UILaunchStoryboardName = LaunchScreen;
				INFOPLIST_KEY_UIMainStoryboardFile = Main;
				INFOPLIST_KEY_UISupportedInterfaceOrientations_iPad = "UIInterfaceOrientationPortrait UIInterfaceOrientationPortraitUpsideDown UIInterfaceOrientationLandscapeLeft UIInterfaceOrientationLandscapeRight";
				INFOPLIST_KEY_UISupportedInterfaceOrientations_iPhone = "UIInterfaceOrientationPortrait UIInterfaceOrientationLandscapeLeft UIInterfaceOrientationLandscapeRight";
				LD_RUNPATH_SEARCH_PATHS = (
					"$(inherited)",
					"@executable_path/Frameworks",
				);
				MARKETING_VERSION = 1.0;
				PRODUCT_BUNDLE_IDENTIFIER = com.miempresa.MCDSnapchat;
				PRODUCT_NAME = "$(TARGET_NAME)";
				SWIFT_EMIT_LOC_STRINGS = YES;
				SWIFT_VERSION = 5.0;
				TARGETED_DEVICE_FAMILY = "1,2";
			};
			name = Release;
		};
/* End XCBuildConfiguration section */

/* Begin XCConfigurationList section */
		460411542C077A3C00E807A4 /* Build configuration list for PBXProject "MCDSnapchat" */ = {
			isa = XCConfigurationList;
			buildConfigurations = (
				4604116B2C077A3D00E807A4 /* Debug */,
				4604116C2C077A3D00E807A4 /* Release */,
			);
			defaultConfigurationIsVisible = 0;
			defaultConfigurationName = Release;
		};
		4604116D2C077A3D00E807A4 /* Build configuration list for PBXNativeTarget "MCDSnapchat" */ = {
			isa = XCConfigurationList;
			buildConfigurations = (
				4604116E2C077A3D00E807A4 /* Debug */,
				4604116F2C077A3D00E807A4 /* Release */,
			);
			defaultConfigurationIsVisible = 0;
			defaultConfigurationName = Release;
		};
/* End XCConfigurationList section */

/* Begin XCRemoteSwiftPackageReference section */
		460411722C0785AC00E807A4 /* XCRemoteSwiftPackageReference "firebase-ios-sdk" */ = {
			isa = XCRemoteSwiftPackageReference;
			repositoryURL = "https://github.com/firebase/firebase-ios-sdk";
			requirement = {
				kind = versionRange;
				maximumVersion = 10.0.0;
				minimumVersion = 9.0.0;
			};
		};
/* End XCRemoteSwiftPackageReference section */

/* Begin XCSwiftPackageProductDependency section */
		460411732C0785AC00E807A4 /* FirebaseAnalytics */ = {
			isa = XCSwiftPackageProductDependency;
			package = 460411722C0785AC00E807A4 /* XCRemoteSwiftPackageReference "firebase-ios-sdk" */;
			productName = FirebaseAnalytics;
		};
		460411752C0785AC00E807A4 /* FirebaseAnalyticsWithoutAdIdSupport */ = {
			isa = XCSwiftPackageProductDependency;
			package = 460411722C0785AC00E807A4 /* XCRemoteSwiftPackageReference "firebase-ios-sdk" */;
			productName = FirebaseAnalyticsWithoutAdIdSupport;
		};
		460411772C0785AC00E807A4 /* FirebaseAuth */ = {
			isa = XCSwiftPackageProductDependency;
			package = 460411722C0785AC00E807A4 /* XCRemoteSwiftPackageReference "firebase-ios-sdk" */;
			productName = FirebaseAuth;
		};
		460411792C0785AC00E807A4 /* FirebaseDatabase */ = {
			isa = XCSwiftPackageProductDependency;
			package = 460411722C0785AC00E807A4 /* XCRemoteSwiftPackageReference "firebase-ios-sdk" */;
			productName = FirebaseDatabase;
		};
		4604117B2C0785AC00E807A4 /* FirebaseStorage */ = {
			isa = XCSwiftPackageProductDependency;
			package = 460411722C0785AC00E807A4 /* XCRemoteSwiftPackageReference "firebase-ios-sdk" */;
			productName = FirebaseStorage;
		};
/* End XCSwiftPackageProductDependency section */
	};
	rootObject = 460411512C077A3C00E807A4 /* Project object */;
}
